
Microsoft Visual Studio Solution File, Format Version 12.00
# Visual Studio Version 16
VisualStudioVersion = 16.0.29519.181
MinimumVisualStudioVersion = 10.0.40219.1
Project("{FAE04EC0-301F-11D3-BF4B-00C04F79EFBC}") = "Online_store", "test1\Online_store.csproj", "{C5A9D98F-0B5C-4DB9-B749-6537E2C23D18}"
EndProject
Global
	GlobalSection(SolutionConfigurationPlatforms) = preSolution
		Debug|Any CPU = Debug|Any CPU
		Release|Any CPU = Release|Any CPU
	EndGlobalSection
	GlobalSection(ProjectConfigurationPlatforms) = postSolution
		{C5A9D98F-0B5C-4DB9-B749-6537E2C23D18}.Debug|Any CPU.ActiveCfg = Debug|Any CPU
		{C5A9D98F-0B5C-4DB9-B749-6537E2C23D18}.Debug|Any CPU.Build.0 = Debug|Any CPU
		{C5A9D98F-0B5C-4DB9-B749-6537E2C23D18}.Release|Any CPU.ActiveCfg = Release|Any CPU
		{C5A9D98F-0B5C-4DB9-B749-6537E2C23D18}.Release|Any CPU.Build.0 = Release|Any CPU
	EndGlobalSection
	GlobalSection(SolutionProperties) = preSolution
		HideSolutionNode = FALSE
	EndGlobalSection
	GlobalSection(ExtensibilityGlobals) = postSolution
		SolutionGuid = {C2D609E1-B37C-4948-B22B-0B7976E1F2E3}
	EndGlobalSection
EndGlobal
